
Microsoft Visual Studio Solution File, Format Version 12.00
# Visual Studio Version 17
VisualStudioVersion = 17.4.33403.182
MinimumVisualStudioVersion = 10.0.40219.1
Project("{FAE04EC0-301F-11D3-BF4B-00C04F79EFBC}") = "lab4", "lab4\lab4.csproj", "{588D9C82-E6E3-46B7-AA3A-6111A423DFDC}"
EndProject
Global
	GlobalSection(SolutionConfigurationPlatforms) = preSolution
		Debug|Any CPU = Debug|Any CPU
		Release|Any CPU = Release|Any CPU
	EndGlobalSection
	GlobalSection(ProjectConfigurationPlatforms) = postSolution
		{588D9C82-E6E3-46B7-AA3A-6111A423DFDC}.Debug|Any CPU.ActiveCfg = Debug|Any CPU
		{588D9C82-E6E3-46B7-AA3A-6111A423DFDC}.Debug|Any CPU.Build.0 = Debug|Any CPU
		{588D9C82-E6E3-46B7-AA3A-6111A423DFDC}.Release|Any CPU.ActiveCfg = Release|Any CPU
		{588D9C82-E6E3-46B7-AA3A-6111A423DFDC}.Release|Any CPU.Build.0 = Release|Any CPU
	EndGlobalSection
	GlobalSection(SolutionProperties) = preSolution
		HideSolutionNode = FALSE
	EndGlobalSection
	GlobalSection(ExtensibilityGlobals) = postSolution
		SolutionGuid = {9300F785-0E71-4326-BABD-92A377D8A6CD}
	EndGlobalSection
EndGlobal
